
Microsoft Visual Studio Solution File, Format Version 12.00
# Visual Studio Version 17
VisualStudioVersion = 17.11.35208.52
MinimumVisualStudioVersion = 10.0.40219.1
Project("{9A19103F-16F7-4668-BE54-9A1E7A4F7556}") = "API_Agenda", "API_Agenda\API_Agenda.csproj", "{6E520F9D-08C6-462F-AE35-402C322307B3}"
EndProject
Project("{FAE04EC0-301F-11D3-BF4B-00C04F79EFBC}") = "APIAgendaxUnitTests", "APIAgendaxUnitTests\APIAgendaxUnitTests.csproj", "{8E315575-D405-4049-A93C-5B065FDA4F84}"
EndProject
Global
	GlobalSection(SolutionConfigurationPlatforms) = preSolution
		Debug|Any CPU = Debug|Any CPU
		Release|Any CPU = Release|Any CPU
	EndGlobalSection
	GlobalSection(ProjectConfigurationPlatforms) = postSolution
		{6E520F9D-08C6-462F-AE35-402C322307B3}.Debug|Any CPU.ActiveCfg = Debug|Any CPU
		{6E520F9D-08C6-462F-AE35-402C322307B3}.Debug|Any CPU.Build.0 = Debug|Any CPU
		{6E520F9D-08C6-462F-AE35-402C322307B3}.Release|Any CPU.ActiveCfg = Release|Any CPU
		{6E520F9D-08C6-462F-AE35-402C322307B3}.Release|Any CPU.Build.0 = Release|Any CPU
		{8E315575-D405-4049-A93C-5B065FDA4F84}.Debug|Any CPU.ActiveCfg = Debug|Any CPU
		{8E315575-D405-4049-A93C-5B065FDA4F84}.Debug|Any CPU.Build.0 = Debug|Any CPU
		{8E315575-D405-4049-A93C-5B065FDA4F84}.Release|Any CPU.ActiveCfg = Release|Any CPU
		{8E315575-D405-4049-A93C-5B065FDA4F84}.Release|Any CPU.Build.0 = Release|Any CPU
	EndGlobalSection
	GlobalSection(SolutionProperties) = preSolution
		HideSolutionNode = FALSE
	EndGlobalSection
	GlobalSection(ExtensibilityGlobals) = postSolution
		SolutionGuid = {D106D7E7-761F-4352-8413-B4A2F52D7C40}
	EndGlobalSection
EndGlobal
